dependencies:
- name: postgresql
  repository: https://charts.bitnami.com/bitnami
  version: 16.4.1
- name: victoria-metrics-k8s-stack
  repository: https://victoriametrics.github.io/helm-charts/
  version: 0.45.0
- name: victoria-logs-single
  repository: https://victoriametrics.github.io/helm-charts/
  version: 0.11.28
- name: victoria-metrics-single
  repository: https://victoriametrics.github.io/helm-charts/
  version: 0.18.0
digest: sha256:01b8f3d0316770ef16a42a2209847dce63cab0ac4fcacf8b5d77eb96a161d252
generated: "2026-03-04T23:27:34.949352613Z"
